// !$*UTF8*$!
{
	archiveVersion = 1;
	classes = {
	};
	objectVersion = 50;
	objects = {

/* Begin PBXBuildFile section */
		F47DA616210C376100115033 /* AppDelegate.swift in Sources */ = {isa = PBXBuildFile; fileRef = F47DA615210C376100115033 /* AppDelegate.swift */; };
		F47DA618210C376100115033 /* ViewController.swift in Sources */ = {isa = PBXBuildFile; fileRef = F47DA617210C376100115033 /* ViewController.swift */; };
		F47DA61B210C376100115033 /* Main.storyboard in Resources */ = {isa = PBXBuildFile; fileRef = F47DA619210C376100115033 /* Main.storyboard */; };
		F47DA61E210C376100115033 /* Recording_App.xcdatamodeld in Sources */ = {isa = PBXBuildFile; fileRef = F47DA61C210C376100115033 /* Recording_App.xcdatamodeld */; };
		F47DA620210C376200115033 /* Assets.xcassets in Resources */ = {isa = PBXBuildFile; fileRef = F47DA61F210C376200115033 /* Assets.xcassets */; };
		F47DA623210C376200115033 /* LaunchScreen.storyboard in Resources */ = {isa = PBXBuildFile; fileRef = F47DA621210C376200115033 /* LaunchScreen.storyboard */; };
		F47DA62E210C376200115033 /* Recording_AppTests.swift in Sources */ = {isa = PBXBuildFile; fileRef = F47DA62D210C376200115033 /* Recording_AppTests.swift */; };
		F47DA639210C376200115033 /* Recording_AppUITests.swift in Sources */ = {isa = PBXBuildFile; fileRef = F47DA638210C376200115033 /* Recording_AppUITests.swift */; };
		F47DA647210C386900115033 /* RecordingViewController.swift in Sources */ = {isa = PBXBuildFile; fileRef = F47DA646210C386900115033 /* RecordingViewController.swift */; };
/* End PBXBuildFile section */

/* Begin PBXContainerItemProxy section */
		F47DA62A210C376200115033 /* PBXContainerItemProxy */ = {
			isa = PBXContainerItemProxy;
			containerPortal = F47DA60A210C376100115033 /* Project object */;
			proxyType = 1;
			remoteGlobalIDString = F47DA611210C376100115033;
			remoteInfo = "Recording App";
		};
		F47DA635210C376200115033 /* PBXContainerItemProxy */ = {
			isa = PBXContainerItemProxy;
			containerPortal = F47DA60A210C376100115033 /* Project object */;
			proxyType = 1;
			remoteGlobalIDString = F47DA611210C376100115033;
			remoteInfo = "Recording App";
		};
/* End PBXContainerItemProxy section */

/* Begin PBXFileReference section */
		F47DA612210C376100115033 /* Recording App.app */ = {isa = PBXFileReference; explicitFileType = wrapper.application; includeInIndex = 0; path = "Recording App.app"; sourceTree = BUILT_PRODUCTS_DIR; };
		F47DA615210C376100115033 /* AppDelegate.swift */ = {isa = PBXFileReference; lastKnownFileType = sourcecode.swift; path = AppDelegate.swift; sourceTree = "<group>"; };
		F47DA617210C376100115033 /* ViewController.swift */ = {isa = PBXFileReference; lastKnownFileType = sourcecode.swift; path = ViewController.swift; sourceTree = "<group>"; };
		F47DA61A210C376100115033 /* Base */ = {isa = PBXFileReference; lastKnownFileType = file.storyboard; name = Base; path = Base.lproj/Main.storyboard; sourceTree = "<group>"; };
		F47DA61D210C376100115033 /* Recording_App.xcdatamodel */ = {isa = PBXFileReference; lastKnownFileType = wrapper.xcdatamodel; path = Recording_App.xcdatamodel; sourceTree = "<group>"; };
		F47DA61F210C376200115033 /* Assets.xcassets */ = {isa = PBXFileReference; lastKnownFileType = folder.assetcatalog; path = Assets.xcassets; sourceTree = "<group>"; };
		F47DA622210C376200115033 /* Base */ = {isa = PBXFileReference; lastKnownFileType = file.storyboard; name = Base; path = Base.lproj/LaunchScreen.storyboard; sourceTree = "<group>"; };
		F47DA624210C376200115033 /* Info.plist */ = {isa = PBXFileReference; lastKnownFileType = text.plist.xml; path = Info.plist; sourceTree = "<group>"; };
		F47DA629210C376200115033 /* Recording AppTests.xctest */ = {isa = PBXFileReference; explicitFileType = wrapper.cfbundle; includeInIndex = 0; path = "Recording AppTests.xctest"; sourceTree = BUILT_PRODUCTS_DIR; };
		F47DA62D210C376200115033 /* Recording_AppTests.swift */ = {isa = PBXFileReference; lastKnownFileType = sourcecode.swift; path = Recording_AppTests.swift; sourceTree = "<group>"; };
		F47DA62F210C376200115033 /* Info.plist */ = {isa = PBXFileReference; lastKnownFileType = text.plist.xml; path = Info.plist; sourceTree = "<group>"; };
		F47DA634210C376200115033 /* Recording AppUITests.xctest */ = {isa = PBXFileReference; explicitFileType = wrapper.cfbundle; includeInIndex = 0; path = "Recording AppUITests.xctest"; sourceTree = BUILT_PRODUCTS_DIR; };
		F47DA638210C376200115033 /* Recording_AppUITests.swift */ = {isa = PBXFileReference; lastKnownFileType = sourcecode.swift; path = Recording_AppUITests.swift; sourceTree = "<group>"; };
		F47DA63A210C376200115033 /* Info.plist */ = {isa = PBXFileReference; lastKnownFileType = text.plist.xml; path = Info.plist; sourceTree = "<group>"; };
		F47DA646210C386900115033 /* RecordingViewController.swift */ = {isa = PBXFileReference; lastKnownFileType = sourcecode.swift; path = RecordingViewController.swift; sourceTree = "<group>"; };
/* End PBXFileReference section */

/* Begin PBXFrameworksBuildPhase section */
		F47DA60F210C376100115033 /* Frameworks */ = {
			isa = PBXFrameworksBuildPhase;
			buildActionMask = 2147483647;
			files = (
			);
			runOnlyForDeploymentPostprocessing = 0;
		};
		F47DA626210C376200115033 /* Frameworks */ = {
			isa = PBXFrameworksBuildPhase;
			buildActionMask = 2147483647;
			files = (
			);
			runOnlyForDeploymentPostprocessing = 0;
		};
		F47DA631210C376200115033 /* Frameworks */ = {
			isa = PBXFrameworksBuildPhase;
			buildActionMask = 2147483647;
			files = (
			);
			runOnlyForDeploymentPostprocessing = 0;
		};
/* End PBXFrameworksBuildPhase section */

/* Begin PBXGroup section */
		F47DA609210C376100115033 = {
			isa = PBXGroup;
			children = (
				F47DA614210C376100115033 /* Recording App */,
				F47DA62C210C376200115033 /* Recording AppTests */,
				F47DA637210C376200115033 /* Recording AppUITests */,
				F47DA613210C376100115033 /* Products */,
			);
			sourceTree = "<group>";
		};
		F47DA613210C376100115033 /* Products */ = {
			isa = PBXGroup;
			children = (
				F47DA612210C376100115033 /* Recording App.app */,
				F47DA629210C376200115033 /* Recording AppTests.xctest */,
				F47DA634210C376200115033 /* Recording AppUITests.xctest */,
			);
			name = Products;
			sourceTree = "<group>";
		};
		F47DA614210C376100115033 /* Recording App */ = {
			isa = PBXGroup;
			children = (
				F47DA615210C376100115033 /* AppDelegate.swift */,
				F47DA617210C376100115033 /* ViewController.swift */,
				F47DA646210C386900115033 /* RecordingViewController.swift */,
				F47DA619210C376100115033 /* Main.storyboard */,
				F47DA61F210C376200115033 /* Assets.xcassets */,
				F47DA621210C376200115033 /* LaunchScreen.storyboard */,
				F47DA624210C376200115033 /* Info.plist */,
				F47DA61C210C376100115033 /* Recording_App.xcdatamodeld */,
			);
			path = "Recording App";
			sourceTree = "<group>";
		};
		F47DA62C210C376200115033 /* Recording AppTests */ = {
			isa = PBXGroup;
			children = (
				F47DA62D210C376200115033 /* Recording_AppTests.swift */,
				F47DA62F210C376200115033 /* Info.plist */,
			);
			path = "Recording AppTests";
			sourceTree = "<group>";
		};
		F47DA637210C376200115033 /* Recording AppUITests */ = {
			isa = PBXGroup;
			children = (
				F47DA638210C376200115033 /* Recording_AppUITests.swift */,
				F47DA63A210C376200115033 /* Info.plist */,
			);
			path = "Recording AppUITests";
			sourceTree = "<group>";
		};
/* End PBXGroup section */

/* Begin PBXNativeTarget section */
		F47DA611210C376100115033 /* Recording App */ = {
			isa = PBXNativeTarget;
			buildConfigurationList = F47DA63D210C376200115033 /* Build configuration list for PBXNativeTarget "Recording App" */;
			buildPhases = (
				F47DA60E210C376100115033 /* Sources */,
				F47DA60F210C376100115033 /* Frameworks */,
				F47DA610210C376100115033 /* Resources */,
			);
			buildRules = (
			);
			dependencies = (
			);
			name = "Recording App";
			productName = "Recording App";
			productReference = F47DA612210C376100115033 /* Recording App.app */;
			productType = "com.apple.product-type.application";
		};
		F47DA628210C376200115033 /* Recording AppTests */ = {
			isa = PBXNativeTarget;
			buildConfigurationList = F47DA640210C376200115033 /* Build configuration list for PBXNativeTarget "Recording AppTests" */;
			buildPhases = (
				F47DA625210C376200115033 /* Sources */,
				F47DA626210C376200115033 /* Frameworks */,
				F47DA627210C376200115033 /* Resources */,
			);
			buildRules = (
			);
			dependencies = (
				F47DA62B210C376200115033 /* PBXTargetDependency */,
			);
			name = "Recording AppTests";
			productName = "Recording AppTests";
			productReference = F47DA629210C376200115033 /* Recording AppTests.xctest */;
			productType = "com.apple.product-type.bundle.unit-test";
		};
		F47DA633210C376200115033 /* Recording AppUITests */ = {
			isa = PBXNativeTarget;
			buildConfigurationList = F47DA643210C376200115033 /* Build configuration list for PBXNativeTarget "Recording AppUITests" */;
			buildPhases = (
				F47DA630210C376200115033 /* Sources */,
				F47DA631210C376200115033 /* Frameworks */,
				F47DA632210C376200115033 /* Resources */,
			);
			buildRules = (
			);
			dependencies = (
				F47DA636210C376200115033 /* PBXTargetDependency */,
			);
			name = "Recording AppUITests";
			productName = "Recording AppUITests";
			productReference = F47DA634210C376200115033 /* Recording AppUITests.xctest */;
			productType = "com.apple.product-type.bundle.ui-testing";
		};
/* End PBXNativeTarget section */

/* Begin PBXProject section */
		F47DA60A210C376100115033 /* Project object */ = {
			isa = PBXProject;
			attributes = {
				LastSwiftUpdateCheck = 0940;
				LastUpgradeCheck = 0940;
				ORGANIZATIONNAME = "Praveen Kumar U";
				TargetAttributes = {
					F47DA611210C376100115033 = {
						CreatedOnToolsVersion = 9.4.1;
					};
					F47DA628210C376200115033 = {
						CreatedOnToolsVersion = 9.4.1;
						TestTargetID = F47DA611210C376100115033;
					};
					F47DA633210C376200115033 = {
						CreatedOnToolsVersion = 9.4.1;
						TestTargetID = F47DA611210C376100115033;
					};
				};
			};
			buildConfigurationList = F47DA60D210C376100115033 /* Build configuration list for PBXProject "Recording App" */;
			compatibilityVersion = "Xcode 9.3";
			developmentRegion = en;
			hasScannedForEncodings = 0;
			knownRegions = (
				en,
				Base,
			);
			mainGroup = F47DA609210C376100115033;
			productRefGroup = F47DA613210C376100115033 /* Products */;
			projectDirPath = "";
			projectRoot = "";
			targets = (
				F47DA611210C376100115033 /* Recording App */,
				F47DA628210C376200115033 /* Recording AppTests */,
				F47DA633210C376200115033 /* Recording AppUITests */,
			);
		};
/* End PBXProject section */

/* Begin PBXResourcesBuildPhase section */
		F47DA610210C376100115033 /* Resources */ = {
			isa = PBXResourcesBuildPhase;
			buildActionMask = 2147483647;
			files = (
				F47DA623210C376200115033 /* LaunchScreen.storyboard in Resources */,
				F47DA620210C376200115033 /* Assets.xcassets in Resources */,
				F47DA61B210C376100115033 /* Main.storyboard in Resources */,
			);
			runOnlyForDeploymentPostprocessing = 0;
		};
		F47DA627210C376200115033 /* Resources */ = {
			isa = PBXResourcesBuildPhase;
			buildActionMask = 2147483647;
			files = (
			);
			runOnlyForDeploymentPostprocessing = 0;
		};
		F47DA632210C376200115033 /* Resources */ = {
			isa = PBXResourcesBuildPhase;
			buildActionMask = 2147483647;
			files = (
			);
			runOnlyForDeploymentPostprocessing = 0;
		};
/* End PBXResourcesBuildPhase section */

/* Begin PBXSourcesBuildPhase section */
		F47DA60E210C376100115033 /* Sources */ = {
			isa = PBXSourcesBuildPhase;
			buildActionMask = 2147483647;
			files = (
				F47DA647210C386900115033 /* RecordingViewController.swift in Sources */,
				F47DA618210C376100115033 /* ViewController.swift in Sources */,
				F47DA616210C376100115033 /* AppDelegate.swift in Sources */,
				F47DA61E210C376100115033 /* Recording_App.xcdatamodeld in Sources */,
			);
			runOnlyForDeploymentPostprocessing = 0;
		};
		F47DA625210C376200115033 /* Sources */ = {
			isa = PBXSourcesBuildPhase;
			buildActionMask = 2147483647;
			files = (
				F47DA62E210C376200115033 /* Recording_AppTests.swift in Sources */,
			);
			runOnlyForDeploymentPostprocessing = 0;
		};
		F47DA630210C376200115033 /* Sources */ = {
			isa = PBXSourcesBuildPhase;
			buildActionMask = 2147483647;
			files = (
				F47DA639210C376200115033 /* Recording_AppUITests.swift in Sources */,
			);
			runOnlyForDeploymentPostprocessing = 0;
		};
/* End PBXSourcesBuildPhase section */

/* Begin PBXTargetDependency section */
		F47DA62B210C376200115033 /* PBXTargetDependency */ = {
			isa = PBXTargetDependency;
			target = F47DA611210C376100115033 /* Recording App */;
			targetProxy = F47DA62A210C376200115033 /* PBXContainerItemProxy */;
		};
		F47DA636210C376200115033 /* PBXTargetDependency */ = {
			isa = PBXTargetDependency;
			target = F47DA611210C376100115033 /* Recording App */;
			targetProxy = F47DA635210C376200115033 /* PBXContainerItemProxy */;
		};
/* End PBXTargetDependency section */

/* Begin PBXVariantGroup section */
		F47DA619210C376100115033 /* Main.storyboard */ = {
			isa = PBXVariantGroup;
			children = (
				F47DA61A210C376100115033 /* Base */,
			);
			name = Main.storyboard;
			sourceTree = "<group>";
		};
		F47DA621210C376200115033 /* LaunchScreen.storyboard */ = {
			isa = PBXVariantGroup;
			children = (
				F47DA622210C376200115033 /* Base */,
			);
			name = LaunchScreen.storyboard;
			sourceTree = "<group>";
		};
/* End PBXVariantGroup section */

/* Begin XCBuildConfiguration section */
		F47DA63B210C376200115033 /* Debug */ = {
			isa = XCBuildConfiguration;
			buildSettings = {
				ALWAYS_SEARCH_USER_PATHS = NO;
				CLANG_ANALYZER_NONNULL = YES;
				CLANG_ANALYZER_NUMBER_OBJECT_CONVERSION = YES_AGGRESSIVE;
				CLANG_CXX_LANGUAGE_STANDARD = "gnu++14";
				CLANG_CXX_LIBRARY = "libc++";
				CLANG_ENABLE_MODULES = YES;
				CLANG_ENABLE_OBJC_ARC = YES;
				CLANG_ENABLE_OBJC_WEAK = YES;
				CLANG_WARN_BLOCK_CAPTURE_AUTORELEASING = YES;
				CLANG_WARN_BOOL_CONVERSION = YES;
				CLANG_WARN_COMMA = YES;
				CLANG_WARN_CONSTANT_CONVERSION = YES;
				CLANG_WARN_DEPRECATED_OBJC_IMPLEMENTATIONS = YES;
				CLANG_WARN_DIRECT_OBJC_ISA_USAGE = YES_ERROR;
				CLANG_WARN_DOCUMENTATION_COMMENTS = YES;
				CLANG_WARN_EMPTY_BODY = YES;
				CLANG_WARN_ENUM_CONVERSION = YES;
				CLANG_WARN_INFINITE_RECURSION = YES;
				CLANG_WARN_INT_CONVERSION = YES;
				CLANG_WARN_NON_LITERAL_NULL_CONVERSION = YES;
				CLANG_WARN_OBJC_IMPLICIT_RETAIN_SELF = YES;
				CLANG_WARN_OBJC_LITERAL_CONVERSION = YES;
				CLANG_WARN_OBJC_ROOT_CLASS = YES_ERROR;
				CLANG_WARN_RANGE_LOOP_ANALYSIS = YES;
				CLANG_WARN_STRICT_PROTOTYPES = YES;
				CLANG_WARN_SUSPICIOUS_MOVE = YES;
				CLANG_WARN_UNGUARDED_AVAILABILITY = YES_AGGRESSIVE;
				CLANG_WARN_UNREACHABLE_CODE = YES;
				CLANG_WARN__DUPLICATE_METHOD_MATCH = YES;
				CODE_SIGN_IDENTITY = "iPhone Developer";
				COPY_PHASE_STRIP = NO;
				DEBUG_INFORMATION_FORMAT = dwarf;
				ENABLE_STRICT_OBJC_MSGSEND = YES;
				ENABLE_TESTABILITY = YES;
				GCC_C_LANGUAGE_STANDARD = gnu11;
				GCC_DYNAMIC_NO_PIC = NO;
				GCC_NO_COMMON_BLOCKS = YES;
				GCC_OPTIMIZATION_LEVEL = 0;
				GCC_PREPROCESSOR_DEFINITIONS = (
					"DEBUG=1",
					"$(inherited)",
				);
				GCC_WARN_64_TO_32_BIT_CONVERSION = YES;
				GCC_WARN_ABOUT_RETURN_TYPE = YES_ERROR;
				GCC_WARN_UNDECLARED_SELECTOR = YES;
				GCC_WARN_UNINITIALIZED_AUTOS = YES_AGGRESSIVE;
				GCC_WARN_UNUSED_FUNCTION = YES;
				GCC_WARN_UNUSED_VARIABLE = YES;
				IPHONEOS_DEPLOYMENT_TARGET = 11.4;
				MTL_ENABLE_DEBUG_INFO = YES;
				ONLY_ACTIVE_ARCH = YES;
				SDKROOT = iphoneos;
				SWIFT_ACTIVE_COMPILATION_CONDITIONS = DEBUG;
				SWIFT_OPTIMIZATION_LEVEL = "-Onone";
			};
			name = Debug;
		};
		F47DA63C210C376200115033 /* Release */ = {
			isa = XCBuildConfiguration;
			buildSettings = {
				ALWAYS_SEARCH_USER_PATHS = NO;
				CLANG_ANALYZER_NONNULL = YES;
				CLANG_ANALYZER_NUMBER_OBJECT_CONVERSION = YES_AGGRESSIVE;
				CLANG_CXX_LANGUAGE_STANDARD = "gnu++14";
				CLANG_CXX_LIBRARY = "libc++";
				CLANG_ENABLE_MODULES = YES;
				CLANG_ENABLE_OBJC_ARC = YES;
				CLANG_ENABLE_OBJC_WEAK = YES;
				CLANG_WARN_BLOCK_CAPTURE_AUTORELEASING = YES;
				CLANG_WARN_BOOL_CONVERSION = YES;
				CLANG_WARN_COMMA = YES;
				CLANG_WARN_CONSTANT_CONVERSION = YES;
				CLANG_WARN_DEPRECATED_OBJC_IMPLEMENTATIONS = YES;
				CLANG_WARN_DIRECT_OBJC_ISA_USAGE = YES_ERROR;
				CLANG_WARN_DOCUMENTATION_COMMENTS = YES;
				CLANG_WARN_EMPTY_BODY = YES;
				CLANG_WARN_ENUM_CONVERSION = YES;
				CLANG_WARN_INFINITE_RECURSION = YES;
				CLANG_WARN_INT_CONVERSION = YES;
				CLANG_WARN_NON_LITERAL_NULL_CONVERSION = YES;
				CLANG_WARN_OBJC_IMPLICIT_RETAIN_SELF = YES;
				CLANG_WARN_OBJC_LITERAL_CONVERSION = YES;
				CLANG_WARN_OBJC_ROOT_CLASS = YES_ERROR;
				CLANG_WARN_RANGE_LOOP_ANALYSIS = YES;
				CLANG_WARN_STRICT_PROTOTYPES = YES;
				CLANG_WARN_SUSPICIOUS_MOVE = YES;
				CLANG_WARN_UNGUARDED_AVAILABILITY = YES_AGGRESSIVE;
				CLANG_WARN_UNREACHABLE_CODE = YES;
				CLANG_WARN__DUPLICATE_METHOD_MATCH = YES;
				CODE_SIGN_IDENTITY = "iPhone Developer";
				COPY_PHASE_STRIP = NO;
				DEBUG_INFORMATION_FORMAT = "dwarf-with-dsym";
				ENABLE_NS_ASSERTIONS = NO;
				ENABLE_STRICT_OBJC_MSGSEND = YES;
				GCC_C_LANGUAGE_STANDARD = gnu11;
				GCC_NO_COMMON_BLOCKS = YES;
				GCC_WARN_64_TO_32_BIT_CONVERSION = YES;
				GCC_WARN_ABOUT_RETURN_TYPE = YES_ERROR;
				GCC_WARN_UNDECLARED_SELECTOR = YES;
				GCC_WARN_UNINITIALIZED_AUTOS = YES_AGGRESSIVE;
				GCC_WARN_UNUSED_FUNCTION = YES;
				GCC_WARN_UNUSED_VARIABLE = YES;
				IPHONEOS_DEPLOYMENT_TARGET = 11.4;
				MTL_ENABLE_DEBUG_INFO = NO;
				SDKROOT = iphoneos;
				SWIFT_COMPILATION_MODE = wholemodule;
				SWIFT_OPTIMIZATION_LEVEL = "-O";
				VALIDATE_PRODUCT = YES;
			};
			name = Release;
		};
		F47DA63E210C376200115033 /* Debug */ = {
			isa = XCBuildConfiguration;
			buildSettings = {
				ASSETCATALOG_COMPILER_APPICON_NAME = AppIcon;
				CODE_SIGN_STYLE = Automatic;
				DEVELOPMENT_TEAM = LM3YB75SSN;
				INFOPLIST_FILE = "Recording App/Info.plist";
				LD_RUNPATH_SEARCH_PATHS = (
					"$(inherited)",
					"@executable_path/Frameworks",
				);
				PRODUCT_BUNDLE_IDENTIFIER = "com.praveen.expense.Recording-App";
				PRODUCT_NAME = "$(TARGET_NAME)";
				SWIFT_VERSION = 4.0;
				TARGETED_DEVICE_FAMILY = "1,2";
			};
			name = Debug;
		};
		F47DA63F210C376200115033 /* Release */ = {
			isa = XCBuildConfiguration;
			buildSettings = {
				ASSETCATALOG_COMPILER_APPICON_NAME = AppIcon;
				CODE_SIGN_STYLE = Automatic;
				DEVELOPMENT_TEAM = LM3YB75SSN;
				INFOPLIST_FILE = "Recording App/Info.plist";
				LD_RUNPATH_SEARCH_PATHS = (
					"$(inherited)",
					"@executable_path/Frameworks",
				);
				PRODUCT_BUNDLE_IDENTIFIER = "com.praveen.expense.Recording-App";
				PRODUCT_NAME = "$(TARGET_NAME)";
				SWIFT_VERSION = 4.0;
				TARGETED_DEVICE_FAMILY = "1,2";
			};
			name = Release;
		};
		F47DA641210C376200115033 /* Debug */ = {
			isa = XCBuildConfiguration;
			buildSettings = {
				ALWAYS_EMBED_SWIFT_STANDARD_LIBRARIES = YES;
				BUNDLE_LOADER = "$(TEST_HOST)";
				CODE_SIGN_STYLE = Automatic;
				DEVELOPMENT_TEAM = LM3YB75SSN;
				INFOPLIST_FILE = "Recording AppTests/Info.plist";
				LD_RUNPATH_SEARCH_PATHS = (
					"$(inherited)",
					"@executable_path/Frameworks",
					"@loader_path/Frameworks",
				);
				PRODUCT_BUNDLE_IDENTIFIER = "com.praveen.expense.Recording-AppTests";
				PRODUCT_NAME = "$(TARGET_NAME)";
				SWIFT_VERSION = 4.0;
				TARGETED_DEVICE_FAMILY = "1,2";
				TEST_HOST = "$(BUILT_PRODUCTS_DIR)/Recording App.app/Recording App";
			};
			name = Debug;
		};
		F47DA642210C376200115033 /* Release */ = {
			isa = XCBuildConfiguration;
			buildSettings = {
				ALWAYS_EMBED_SWIFT_STANDARD_LIBRARIES = YES;
				BUNDLE_LOADER = "$(TEST_HOST)";
				CODE_SIGN_STYLE = Automatic;
				DEVELOPMENT_TEAM = LM3YB75SSN;
				INFOPLIST_FILE = "Recording AppTests/Info.plist";
				LD_RUNPATH_SEARCH_PATHS = (
					"$(inherited)",
					"@executable_path/Frameworks",
					"@loader_path/Frameworks",
				);
				PRODUCT_BUNDLE_IDENTIFIER = "com.praveen.expense.Recording-AppTests";
				PRODUCT_NAME = "$(TARGET_NAME)";
				SWIFT_VERSION = 4.0;
				TARGETED_DEVICE_FAMILY = "1,2";
				TEST_HOST = "$(BUILT_PRODUCTS_DIR)/Recording App.app/Recording App";
			};
			name = Release;
		};
		F47DA644210C376200115033 /* Debug */ = {
			isa = XCBuildConfiguration;
			buildSettings = {
				ALWAYS_EMBED_SWIFT_STANDARD_LIBRARIES = YES;
				CODE_SIGN_STYLE = Automatic;
				DEVELOPMENT_TEAM = LM3YB75SSN;
				INFOPLIST_FILE = "Recording AppUITests/Info.plist";
				LD_RUNPATH_SEARCH_PATHS = (
					"$(inherited)",
					"@executable_path/Frameworks",
					"@loader_path/Frameworks",
				);
				PRODUCT_BUNDLE_IDENTIFIER = "com.praveen.expense.Recording-AppUITests";
				PRODUCT_NAME = "$(TARGET_NAME)";
				SWIFT_VERSION = 4.0;
				TARGETED_DEVICE_FAMILY = "1,2";
				TEST_TARGET_NAME = "Recording App";
			};
			name = Debug;
		};
		F47DA645210C376200115033 /* Release */ = {
			isa = XCBuildConfiguration;
			buildSettings = {
				ALWAYS_EMBED_SWIFT_STANDARD_LIBRARIES = YES;
				CODE_SIGN_STYLE = Automatic;
				DEVELOPMENT_TEAM = LM3YB75SSN;
				INFOPLIST_FILE = "Recording AppUITests/Info.plist";
				LD_RUNPATH_SEARCH_PATHS = (
					"$(inherited)",
					"@executable_path/Frameworks",
					"@loader_path/Frameworks",
				);
				PRODUCT_BUNDLE_IDENTIFIER = "com.praveen.expense.Recording-AppUITests";
				PRODUCT_NAME = "$(TARGET_NAME)";
				SWIFT_VERSION = 4.0;
				TARGETED_DEVICE_FAMILY = "1,2";
				TEST_TARGET_NAME = "Recording App";
			};
			name = Release;
		};
/* End XCBuildConfiguration section */

/* Begin XCConfigurationList section */
		F47DA60D210C376100115033 /* Build configuration list for PBXProject "Recording App" */ = {
			isa = XCConfigurationList;
			buildConfigurations = (
				F47DA63B210C376200115033 /* Debug */,
				F47DA63C210C376200115033 /* Release */,
			);
			defaultConfigurationIsVisible = 0;
			defaultConfigurationName = Release;
		};
		F47DA63D210C376200115033 /* Build configuration list for PBXNativeTarget "Recording App" */ = {
			isa = XCConfigurationList;
			buildConfigurations = (
				F47DA63E210C376200115033 /* Debug */,
				F47DA63F210C376200115033 /* Release */,
			);
			defaultConfigurationIsVisible = 0;
			defaultConfigurationName = Release;
		};
		F47DA640210C376200115033 /* Build configuration list for PBXNativeTarget "Recording AppTests" */ = {
			isa = XCConfigurationList;
			buildConfigurations = (
				F47DA641210C376200115033 /* Debug */,
				F47DA642210C376200115033 /* Release */,
			);
			defaultConfigurationIsVisible = 0;
			defaultConfigurationName = Release;
		};
		F47DA643210C376200115033 /* Build configuration list for PBXNativeTarget "Recording AppUITests" */ = {
			isa = XCConfigurationList;
			buildConfigurations = (
				F47DA644210C376200115033 /* Debug */,
				F47DA645210C376200115033 /* Release */,
			);
			defaultConfigurationIsVisible = 0;
			defaultConfigurationName = Release;
		};
/* End XCConfigurationList section */

/* Begin XCVersionGroup section */
		F47DA61C210C376100115033 /* Recording_App.xcdatamodeld */ = {
			isa = XCVersionGroup;
			children = (
				F47DA61D210C376100115033 /* Recording_App.xcdatamodel */,
			);
			currentVersion = F47DA61D210C376100115033 /* Recording_App.xcdatamodel */;
			path = Recording_App.xcdatamodeld;
			sourceTree = "<group>";
			versionGroupType = wrapper.xcdatamodel;
		};
/* End XCVersionGroup section */
	};
	rootObject = F47DA60A210C376100115033 /* Project object */;
}
